// !$*UTF8*$!
{
	archiveVersion = 1;
	classes = {
	};
	objectVersion = 56;
	objects = {

/* Begin PBXBuildFile section */
		95C6240B29BA559400158B20 /* OneRepMaxApp.swift in Sources */ = {isa = PBXBuildFile; fileRef = 95C6240A29BA559400158B20 /* OneRepMaxApp.swift */; };
		95C6240D29BA559400158B20 /* OneRepMaxList.swift in Sources */ = {isa = PBXBuildFile; fileRef = 95C6240C29BA559400158B20 /* OneRepMaxList.swift */; };
		95C6240F29BA559500158B20 /* Assets.xcassets in Resources */ = {isa = PBXBuildFile; fileRef = 95C6240E29BA559500158B20 /* Assets.xcassets */; };
		95C6241229BA559500158B20 /* Preview Assets.xcassets in Resources */ = {isa = PBXBuildFile; fileRef = 95C6241129BA559500158B20 /* Preview Assets.xcassets */; };
		95C628D629BAB14800158B20 /* workoutData.txt in Resources */ = {isa = PBXBuildFile; fileRef = 95C628D529BAB14800158B20 /* workoutData.txt */; };
		95C628D929BAB29700158B20 /* WorkoutLoader.swift in Sources */ = {isa = PBXBuildFile; fileRef = 95C628D829BAB29700158B20 /* WorkoutLoader.swift */; };
		95C628DB29BABFA500158B20 /* WorkoutParser.swift in Sources */ = {isa = PBXBuildFile; fileRef = 95C628DA29BABFA500158B20 /* WorkoutParser.swift */; };
		95C628DE29BADEA800158B20 /* Workout.swift in Sources */ = {isa = PBXBuildFile; fileRef = 95C628DD29BADEA800158B20 /* Workout.swift */; };
		95C62BAC29BBF73100158B20 /* OneRepMaxStore.swift in Sources */ = {isa = PBXBuildFile; fileRef = 95C62BAB29BBF73100158B20 /* OneRepMaxStore.swift */; };
		95C62BAE29BBF8CB00158B20 /* PersonalRecordForExercise.swift in Sources */ = {isa = PBXBuildFile; fileRef = 95C62BAD29BBF8CB00158B20 /* PersonalRecordForExercise.swift */; };
		95C62BB029BBFF1700158B20 /* OneRepMaxFormula.swift in Sources */ = {isa = PBXBuildFile; fileRef = 95C62BAF29BBFF1700158B20 /* OneRepMaxFormula.swift */; };
		95C62BB229BD413C00158B20 /* OneRepMaxCard.swift in Sources */ = {isa = PBXBuildFile; fileRef = 95C62BB129BD413C00158B20 /* OneRepMaxCard.swift */; };
		95C62BB829BE296300158B20 /* OneRepMaxDetails.swift in Sources */ = {isa = PBXBuildFile; fileRef = 95C62BB729BE296300158B20 /* OneRepMaxDetails.swift */; };
		95C62BBF29BE903D00158B20 /* PersonalRecordForDate.swift in Sources */ = {isa = PBXBuildFile; fileRef = 95C62BBE29BE903D00158B20 /* PersonalRecordForDate.swift */; };
		95C62BC129BEB3C300158B20 /* WorkoutFileSubscription.swift in Sources */ = {isa = PBXBuildFile; fileRef = 95C62BC029BEB3C300158B20 /* WorkoutFileSubscription.swift */; };
		95C62BC329BEB5E700158B20 /* WorkoutFilePublisher.swift in Sources */ = {isa = PBXBuildFile; fileRef = 95C62BC229BEB5E700158B20 /* WorkoutFilePublisher.swift */; };
/* End PBXBuildFile section */

/* Begin PBXFileReference section */
		9583073B29BFE9B3007B1A6F /* README.md */ = {isa = PBXFileReference; lastKnownFileType = net.daringfireball.markdown; path = README.md; sourceTree = "<group>"; };
		95C6240729BA559400158B20 /* OneRepMax.app */ = {isa = PBXFileReference; explicitFileType = wrapper.application; includeInIndex = 0; path = OneRepMax.app; sourceTree = BUILT_PRODUCTS_DIR; };
		95C6240A29BA559400158B20 /* OneRepMaxApp.swift */ = {isa = PBXFileReference; lastKnownFileType = sourcecode.swift; path = OneRepMaxApp.swift; sourceTree = "<group>"; };
		95C6240C29BA559400158B20 /* OneRepMaxList.swift */ = {isa = PBXFileReference; lastKnownFileType = sourcecode.swift; path = OneRepMaxList.swift; sourceTree = "<group>"; };
		95C6240E29BA559500158B20 /* Assets.xcassets */ = {isa = PBXFileReference; lastKnownFileType = folder.assetcatalog; path = Assets.xcassets; sourceTree = "<group>"; };
		95C6241129BA559500158B20 /* Preview Assets.xcassets */ = {isa = PBXFileReference; lastKnownFileType = folder.assetcatalog; path = "Preview Assets.xcassets"; sourceTree = "<group>"; };
		95C628D529BAB14800158B20 /* workoutData.txt */ = {isa = PBXFileReference; fileEncoding = 4; lastKnownFileType = text; path = workoutData.txt; sourceTree = "<group>"; };
		95C628D829BAB29700158B20 /* WorkoutLoader.swift */ = {isa = PBXFileReference; lastKnownFileType = sourcecode.swift; path = WorkoutLoader.swift; sourceTree = "<group>"; };
		95C628DA29BABFA500158B20 /* WorkoutParser.swift */ = {isa = PBXFileReference; lastKnownFileType = sourcecode.swift; path = WorkoutParser.swift; sourceTree = "<group>"; };
		95C628DD29BADEA800158B20 /* Workout.swift */ = {isa = PBXFileReference; lastKnownFileType = sourcecode.swift; path = Workout.swift; sourceTree = "<group>"; };
		95C62BAB29BBF73100158B20 /* OneRepMaxStore.swift */ = {isa = PBXFileReference; lastKnownFileType = sourcecode.swift; path = OneRepMaxStore.swift; sourceTree = "<group>"; };
		95C62BAD29BBF8CB00158B20 /* PersonalRecordForExercise.swift */ = {isa = PBXFileReference; lastKnownFileType = sourcecode.swift; path = PersonalRecordForExercise.swift; sourceTree = "<group>"; };
		95C62BAF29BBFF1700158B20 /* OneRepMaxFormula.swift */ = {isa = PBXFileReference; lastKnownFileType = sourcecode.swift; path = OneRepMaxFormula.swift; sourceTree = "<group>"; };
		95C62BB129BD413C00158B20 /* OneRepMaxCard.swift */ = {isa = PBXFileReference; lastKnownFileType = sourcecode.swift; path = OneRepMaxCard.swift; sourceTree = "<group>"; };
		95C62BB729BE296300158B20 /* OneRepMaxDetails.swift */ = {isa = PBXFileReference; lastKnownFileType = sourcecode.swift; path = OneRepMaxDetails.swift; sourceTree = "<group>"; };
		95C62BBE29BE903D00158B20 /* PersonalRecordForDate.swift */ = {isa = PBXFileReference; lastKnownFileType = sourcecode.swift; path = PersonalRecordForDate.swift; sourceTree = "<group>"; };
		95C62BC029BEB3C300158B20 /* WorkoutFileSubscription.swift */ = {isa = PBXFileReference; lastKnownFileType = sourcecode.swift; path = WorkoutFileSubscription.swift; sourceTree = "<group>"; };
		95C62BC229BEB5E700158B20 /* WorkoutFilePublisher.swift */ = {isa = PBXFileReference; lastKnownFileType = sourcecode.swift; path = WorkoutFilePublisher.swift; sourceTree = "<group>"; };
/* End PBXFileReference section */

/* Begin PBXFrameworksBuildPhase section */
		95C6240429BA559400158B20 /* Frameworks */ = {
			isa = PBXFrameworksBuildPhase;
			buildActionMask = 2147483647;
			files = (
			);
			runOnlyForDeploymentPostprocessing = 0;
		};
/* End PBXFrameworksBuildPhase section */

/* Begin PBXGroup section */
		95C623FE29BA559400158B20 = {
			isa = PBXGroup;
			children = (
				95C6240929BA559400158B20 /* OneRepMax */,
				95C6240829BA559400158B20 /* Products */,
			);
			sourceTree = "<group>";
		};
		95C6240829BA559400158B20 /* Products */ = {
			isa = PBXGroup;
			children = (
				95C6240729BA559400158B20 /* OneRepMax.app */,
			);
			name = Products;
			sourceTree = "<group>";
		};
		95C6240929BA559400158B20 /* OneRepMax */ = {
			isa = PBXGroup;
			children = (
				95C6240E29BA559500158B20 /* Assets.xcassets */,
				95C628D729BAB14E00158B20 /* Data */,
				95C628DC29BADE9E00158B20 /* Models */,
				95C62BAF29BBFF1700158B20 /* OneRepMaxFormula.swift */,
				95C62BAB29BBF73100158B20 /* OneRepMaxStore.swift */,
				95C6241029BA559500158B20 /* Preview Content */,
				95C62BBD29BE8F3A00158B20 /* Views */,
				9583073B29BFE9B3007B1A6F /* README.md */,
			);
			path = OneRepMax;
			sourceTree = "<group>";
		};
		95C6241029BA559500158B20 /* Preview Content */ = {
			isa = PBXGroup;
			children = (
				95C6241129BA559500158B20 /* Preview Assets.xcassets */,
			);
			path = "Preview Content";
			sourceTree = "<group>";
		};
		95C628D729BAB14E00158B20 /* Data */ = {
			isa = PBXGroup;
			children = (
				95C628D829BAB29700158B20 /* WorkoutLoader.swift */,
				95C628DA29BABFA500158B20 /* WorkoutParser.swift */,
				95C628D529BAB14800158B20 /* workoutData.txt */,
				95C62BC029BEB3C300158B20 /* WorkoutFileSubscription.swift */,
				95C62BC229BEB5E700158B20 /* WorkoutFilePublisher.swift */,
			);
			path = Data;
			sourceTree = "<group>";
		};
		95C628DC29BADE9E00158B20 /* Models */ = {
			isa = PBXGroup;
			children = (
				95C628DD29BADEA800158B20 /* Workout.swift */,
				95C62BAD29BBF8CB00158B20 /* PersonalRecordForExercise.swift */,
				95C62BBE29BE903D00158B20 /* PersonalRecordForDate.swift */,
			);
			path = Models;
			sourceTree = "<group>";
		};
		95C62BBD29BE8F3A00158B20 /* Views */ = {
			isa = PBXGroup;
			children = (
				95C6240A29BA559400158B20 /* OneRepMaxApp.swift */,
				95C6240C29BA559400158B20 /* OneRepMaxList.swift */,
				95C62BB129BD413C00158B20 /* OneRepMaxCard.swift */,
				95C62BB729BE296300158B20 /* OneRepMaxDetails.swift */,
			);
			path = Views;
			sourceTree = "<group>";
		};
/* End PBXGroup section */

/* Begin PBXNativeTarget section */
		95C6240629BA559400158B20 /* OneRepMax */ = {
			isa = PBXNativeTarget;
			buildConfigurationList = 95C6241529BA559500158B20 /* Build configuration list for PBXNativeTarget "OneRepMax" */;
			buildPhases = (
				95C6240329BA559400158B20 /* Sources */,
				95C6240429BA559400158B20 /* Frameworks */,
				95C6240529BA559400158B20 /* Resources */,
			);
			buildRules = (
			);
			dependencies = (
			);
			name = OneRepMax;
			productName = FitbodApp;
			productReference = 95C6240729BA559400158B20 /* OneRepMax.app */;
			productType = "com.apple.product-type.application";
		};
/* End PBXNativeTarget section */

/* Begin PBXProject section */
		95C623FF29BA559400158B20 /* Project object */ = {
			isa = PBXProject;
			attributes = {
				BuildIndependentTargetsInParallel = 1;
				LastSwiftUpdateCheck = 1420;
				LastUpgradeCheck = 1420;
				TargetAttributes = {
					95C6240629BA559400158B20 = {
						CreatedOnToolsVersion = 14.2;
					};
				};
			};
			buildConfigurationList = 95C6240229BA559400158B20 /* Build configuration list for PBXProject "OneRepMax" */;
			compatibilityVersion = "Xcode 14.0";
			developmentRegion = en;
			hasScannedForEncodings = 0;
			knownRegions = (
				en,
				Base,
			);
			mainGroup = 95C623FE29BA559400158B20;
			productRefGroup = 95C6240829BA559400158B20 /* Products */;
			projectDirPath = "";
			projectRoot = "";
			targets = (
				95C6240629BA559400158B20 /* OneRepMax */,
			);
		};
/* End PBXProject section */

/* Begin PBXResourcesBuildPhase section */
		95C6240529BA559400158B20 /* Resources */ = {
			isa = PBXResourcesBuildPhase;
			buildActionMask = 2147483647;
			files = (
				95C628D629BAB14800158B20 /* workoutData.txt in Resources */,
				95C6241229BA559500158B20 /* Preview Assets.xcassets in Resources */,
				95C6240F29BA559500158B20 /* Assets.xcassets in Resources */,
			);
			runOnlyForDeploymentPostprocessing = 0;
		};
/* End PBXResourcesBuildPhase section */

/* Begin PBXSourcesBuildPhase section */
		95C6240329BA559400158B20 /* Sources */ = {
			isa = PBXSourcesBuildPhase;
			buildActionMask = 2147483647;
			files = (
				95C6240D29BA559400158B20 /* OneRepMaxList.swift in Sources */,
				95C628D929BAB29700158B20 /* WorkoutLoader.swift in Sources */,
				95C62BBF29BE903D00158B20 /* PersonalRecordForDate.swift in Sources */,
				95C62BC329BEB5E700158B20 /* WorkoutFilePublisher.swift in Sources */,
				95C628DB29BABFA500158B20 /* WorkoutParser.swift in Sources */,
				95C62BB229BD413C00158B20 /* OneRepMaxCard.swift in Sources */,
				95C628DE29BADEA800158B20 /* Workout.swift in Sources */,
				95C62BAE29BBF8CB00158B20 /* PersonalRecordForExercise.swift in Sources */,
				95C62BB829BE296300158B20 /* OneRepMaxDetails.swift in Sources */,
				95C62BC129BEB3C300158B20 /* WorkoutFileSubscription.swift in Sources */,
				95C62BB029BBFF1700158B20 /* OneRepMaxFormula.swift in Sources */,
				95C6240B29BA559400158B20 /* OneRepMaxApp.swift in Sources */,
				95C62BAC29BBF73100158B20 /* OneRepMaxStore.swift in Sources */,
			);
			runOnlyForDeploymentPostprocessing = 0;
		};
/* End PBXSourcesBuildPhase section */

/* Begin XCBuildConfiguration section */
		95C6241329BA559500158B20 /* Debug */ = {
			isa = XCBuildConfiguration;
			buildSettings = {
				ALWAYS_SEARCH_USER_PATHS = NO;
				CLANG_ANALYZER_NONNULL = YES;
				CLANG_ANALYZER_NUMBER_OBJECT_CONVERSION = YES_AGGRESSIVE;
				CLANG_CXX_LANGUAGE_STANDARD = "gnu++20";
				CLANG_ENABLE_MODULES = YES;
				CLANG_ENABLE_OBJC_ARC = YES;
				CLANG_ENABLE_OBJC_WEAK = YES;
				CLANG_WARN_BLOCK_CAPTURE_AUTORELEASING = YES;
				CLANG_WARN_BOOL_CONVERSION = YES;
				CLANG_WARN_COMMA = YES;
				CLANG_WARN_CONSTANT_CONVERSION = YES;
				CLANG_WARN_DEPRECATED_OBJC_IMPLEMENTATIONS = YES;
				CLANG_WARN_DIRECT_OBJC_ISA_USAGE = YES_ERROR;
				CLANG_WARN_DOCUMENTATION_COMMENTS = YES;
				CLANG_WARN_EMPTY_BODY = YES;
				CLANG_WARN_ENUM_CONVERSION = YES;
				CLANG_WARN_INFINITE_RECURSION = YES;
				CLANG_WARN_INT_CONVERSION = YES;
				CLANG_WARN_NON_LITERAL_NULL_CONVERSION = YES;
				CLANG_WARN_OBJC_IMPLICIT_RETAIN_SELF = YES;
				CLANG_WARN_OBJC_LITERAL_CONVERSION = YES;
				CLANG_WARN_OBJC_ROOT_CLASS = YES_ERROR;
				CLANG_WARN_QUOTED_INCLUDE_IN_FRAMEWORK_HEADER = YES;
				CLANG_WARN_RANGE_LOOP_ANALYSIS = YES;
				CLANG_WARN_STRICT_PROTOTYPES = YES;
				CLANG_WARN_SUSPICIOUS_MOVE = YES;
				CLANG_WARN_UNGUARDED_AVAILABILITY = YES_AGGRESSIVE;
				CLANG_WARN_UNREACHABLE_CODE = YES;
				CLANG_WARN__DUPLICATE_METHOD_MATCH = YES;
				COPY_PHASE_STRIP = NO;
				DEBUG_INFORMATION_FORMAT = dwarf;
				ENABLE_STRICT_OBJC_MSGSEND = YES;
				ENABLE_TESTABILITY = YES;
				GCC_C_LANGUAGE_STANDARD = gnu11;
				GCC_DYNAMIC_NO_PIC = NO;
				GCC_NO_COMMON_BLOCKS = YES;
				GCC_OPTIMIZATION_LEVEL = 0;
				GCC_PREPROCESSOR_DEFINITIONS = (
					"DEBUG=1",
					"$(inherited)",
				);
				GCC_WARN_64_TO_32_BIT_CONVERSION = YES;
				GCC_WARN_ABOUT_RETURN_TYPE = YES_ERROR;
				GCC_WARN_UNDECLARED_SELECTOR = YES;
				GCC_WARN_UNINITIALIZED_AUTOS = YES_AGGRESSIVE;
				GCC_WARN_UNUSED_FUNCTION = YES;
				GCC_WARN_UNUSED_VARIABLE = YES;
				IPHONEOS_DEPLOYMENT_TARGET = 16.2;
				MTL_ENABLE_DEBUG_INFO = INCLUDE_SOURCE;
				MTL_FAST_MATH = YES;
				ONLY_ACTIVE_ARCH = YES;
				SDKROOT = iphoneos;
				SWIFT_ACTIVE_COMPILATION_CONDITIONS = DEBUG;
				SWIFT_OPTIMIZATION_LEVEL = "-Onone";
			};
			name = Debug;
		};
		95C6241429BA559500158B20 /* Release */ = {
			isa = XCBuildConfiguration;
			buildSettings = {
				ALWAYS_SEARCH_USER_PATHS = NO;
				CLANG_ANALYZER_NONNULL = YES;
				CLANG_ANALYZER_NUMBER_OBJECT_CONVERSION = YES_AGGRESSIVE;
				CLANG_CXX_LANGUAGE_STANDARD = "gnu++20";
				CLANG_ENABLE_MODULES = YES;
				CLANG_ENABLE_OBJC_ARC = YES;
				CLANG_ENABLE_OBJC_WEAK = YES;
				CLANG_WARN_BLOCK_CAPTURE_AUTORELEASING = YES;
				CLANG_WARN_BOOL_CONVERSION = YES;
				CLANG_WARN_COMMA = YES;
				CLANG_WARN_CONSTANT_CONVERSION = YES;
				CLANG_WARN_DEPRECATED_OBJC_IMPLEMENTATIONS = YES;
				CLANG_WARN_DIRECT_OBJC_ISA_USAGE = YES_ERROR;
				CLANG_WARN_DOCUMENTATION_COMMENTS = YES;
				CLANG_WARN_EMPTY_BODY = YES;
				CLANG_WARN_ENUM_CONVERSION = YES;
				CLANG_WARN_INFINITE_RECURSION = YES;
				CLANG_WARN_INT_CONVERSION = YES;
				CLANG_WARN_NON_LITERAL_NULL_CONVERSION = YES;
				CLANG_WARN_OBJC_IMPLICIT_RETAIN_SELF = YES;
				CLANG_WARN_OBJC_LITERAL_CONVERSION = YES;
				CLANG_WARN_OBJC_ROOT_CLASS = YES_ERROR;
				CLANG_WARN_QUOTED_INCLUDE_IN_FRAMEWORK_HEADER = YES;
				CLANG_WARN_RANGE_LOOP_ANALYSIS = YES;
				CLANG_WARN_STRICT_PROTOTYPES = YES;
				CLANG_WARN_SUSPICIOUS_MOVE = YES;
				CLANG_WARN_UNGUARDED_AVAILABILITY = YES_AGGRESSIVE;
				CLANG_WARN_UNREACHABLE_CODE = YES;
				CLANG_WARN__DUPLICATE_METHOD_MATCH = YES;
				COPY_PHASE_STRIP = NO;
				DEBUG_INFORMATION_FORMAT = "dwarf-with-dsym";
				ENABLE_NS_ASSERTIONS = NO;
				ENABLE_STRICT_OBJC_MSGSEND = YES;
				GCC_C_LANGUAGE_STANDARD = gnu11;
				GCC_NO_COMMON_BLOCKS = YES;
				GCC_WARN_64_TO_32_BIT_CONVERSION = YES;
				GCC_WARN_ABOUT_RETURN_TYPE = YES_ERROR;
				GCC_WARN_UNDECLARED_SELECTOR = YES;
				GCC_WARN_UNINITIALIZED_AUTOS = YES_AGGRESSIVE;
				GCC_WARN_UNUSED_FUNCTION = YES;
				GCC_WARN_UNUSED_VARIABLE = YES;
				IPHONEOS_DEPLOYMENT_TARGET = 16.2;
				MTL_ENABLE_DEBUG_INFO = NO;
				MTL_FAST_MATH = YES;
				SDKROOT = iphoneos;
				SWIFT_COMPILATION_MODE = wholemodule;
				SWIFT_OPTIMIZATION_LEVEL = "-O";
				VALIDATE_PRODUCT = YES;
			};
			name = Release;
		};
		95C6241629BA559500158B20 /* Debug */ = {
			isa = XCBuildConfiguration;
			buildSettings = {
				ASSETCATALOG_COMPILER_APPICON_NAME = AppIcon;
				ASSETCATALOG_COMPILER_GLOBAL_ACCENT_COLOR_NAME = AccentColor;
				CODE_SIGN_STYLE = Automatic;
				CURRENT_PROJECT_VERSION = 1;
				DEVELOPMENT_ASSET_PATHS = "\"OneRepMax/Preview Content\"";
				DEVELOPMENT_TEAM = V2M5NJYB87;
				ENABLE_PREVIEWS = YES;
				GENERATE_INFOPLIST_FILE = YES;
				INFOPLIST_KEY_UIApplicationSceneManifest_Generation = YES;
				INFOPLIST_KEY_UIApplicationSupportsIndirectInputEvents = YES;
				INFOPLIST_KEY_UILaunchScreen_Generation = YES;
				INFOPLIST_KEY_UISupportedInterfaceOrientations_iPad = "UIInterfaceOrientationPortrait UIInterfaceOrientationPortraitUpsideDown UIInterfaceOrientationLandscapeLeft UIInterfaceOrientationLandscapeRight";
				INFOPLIST_KEY_UISupportedInterfaceOrientations_iPhone = "UIInterfaceOrientationPortrait UIInterfaceOrientationLandscapeLeft UIInterfaceOrientationLandscapeRight";
				LD_RUNPATH_SEARCH_PATHS = (
					"$(inherited)",
					"@executable_path/Frameworks",
				);
				MARKETING_VERSION = 1.0;
				PRODUCT_BUNDLE_IDENTIFIER = com.cilff..OneRepMax;
				PRODUCT_NAME = "$(TARGET_NAME)";
				SWIFT_EMIT_LOC_STRINGS = YES;
				SWIFT_VERSION = 5.0;
				TARGETED_DEVICE_FAMILY = "1,2";
			};
			name = Debug;
		};
		95C6241729BA559500158B20 /* Release */ = {
			isa = XCBuildConfiguration;
			buildSettings = {
				ASSETCATALOG_COMPILER_APPICON_NAME = AppIcon;
				ASSETCATALOG_COMPILER_GLOBAL_ACCENT_COLOR_NAME = AccentColor;
				CODE_SIGN_STYLE = Automatic;
				CURRENT_PROJECT_VERSION = 1;
				DEVELOPMENT_ASSET_PATHS = "\"OneRepMax/Preview Content\"";
				DEVELOPMENT_TEAM = V2M5NJYB87;
				ENABLE_PREVIEWS = YES;
				GENERATE_INFOPLIST_FILE = YES;
				INFOPLIST_KEY_UIApplicationSceneManifest_Generation = YES;
				INFOPLIST_KEY_UIApplicationSupportsIndirectInputEvents = YES;
				INFOPLIST_KEY_UILaunchScreen_Generation = YES;
				INFOPLIST_KEY_UISupportedInterfaceOrientations_iPad = "UIInterfaceOrientationPortrait UIInterfaceOrientationPortraitUpsideDown UIInterfaceOrientationLandscapeLeft UIInterfaceOrientationLandscapeRight";
				INFOPLIST_KEY_UISupportedInterfaceOrientations_iPhone = "UIInterfaceOrientationPortrait UIInterfaceOrientationLandscapeLeft UIInterfaceOrientationLandscapeRight";
				LD_RUNPATH_SEARCH_PATHS = (
					"$(inherited)",
					"@executable_path/Frameworks",
				);
				MARKETING_VERSION = 1.0;
				PRODUCT_BUNDLE_IDENTIFIER = com.cilff..OneRepMax;
				PRODUCT_NAME = "$(TARGET_NAME)";
				SWIFT_EMIT_LOC_STRINGS = YES;
				SWIFT_VERSION = 5.0;
				TARGETED_DEVICE_FAMILY = "1,2";
			};
			name = Release;
		};
/* End XCBuildConfiguration section */

/* Begin XCConfigurationList section */
		95C6240229BA559400158B20 /* Build configuration list for PBXProject "OneRepMax" */ = {
			isa = XCConfigurationList;
			buildConfigurations = (
				95C6241329BA559500158B20 /* Debug */,
				95C6241429BA559500158B20 /* Release */,
			);
			defaultConfigurationIsVisible = 0;
			defaultConfigurationName = Release;
		};
		95C6241529BA559500158B20 /* Build configuration list for PBXNativeTarget "OneRepMax" */ = {
			isa = XCConfigurationList;
			buildConfigurations = (
				95C6241629BA559500158B20 /* Debug */,
				95C6241729BA559500158B20 /* Release */,
			);
			defaultConfigurationIsVisible = 0;
			defaultConfigurationName = Release;
		};
/* End XCConfigurationList section */
	};
	rootObject = 95C623FF29BA559400158B20 /* Project object */;
}
